
Microsoft Visual Studio Solution File, Format Version 12.00
# Visual Studio 14
VisualStudioVersion = 14.0.24720.0
MinimumVisualStudioVersion = 10.0.40219.1
Project("{FAE04EC0-301F-11D3-BF4B-00C04F79EFBC}") = "BotBitsExt.SQLite", "BotBitsExt.SQLite\BotBitsExt.SQLite.csproj", "{F61129F0-F63F-40DB-9168-9B44E3CD7CCA}"
EndProject
Global
	GlobalSection(SolutionConfigurationPlatforms) = preSolution
		Debug|Any CPU = Debug|Any CPU
		Release|Any CPU = Release|Any CPU
	EndGlobalSection
	GlobalSection(ProjectConfigurationPlatforms) = postSolution
		{F61129F0-F63F-40DB-9168-9B44E3CD7CCA}.Debug|Any CPU.ActiveCfg = Debug|Any CPU
		{F61129F0-F63F-40DB-9168-9B44E3CD7CCA}.Debug|Any CPU.Build.0 = Debug|Any CPU
		{F61129F0-F63F-40DB-9168-9B44E3CD7CCA}.Release|Any CPU.ActiveCfg = Release|Any CPU
		{F61129F0-F63F-40DB-9168-9B44E3CD7CCA}.Release|Any CPU.Build.0 = Release|Any CPU
	EndGlobalSection
	GlobalSection(SolutionProperties) = preSolution
		HideSolutionNode = FALSE
	EndGlobalSection
EndGlobal
